
Microsoft Visual Studio Solution File, Format Version 12.00
# Visual Studio Version 17
VisualStudioVersion = 17.4.33205.214
MinimumVisualStudioVersion = 10.0.40219.1
Project("{FAE04EC0-301F-11D3-BF4B-00C04F79EFBC}") = "eTickets", "eTickets.csproj", "{76A33491-9BCC-4952-A651-DC316A7BE42D}"
EndProject
Global
	GlobalSection(SolutionConfigurationPlatforms) = preSolution
		Debug|Any CPU = Debug|Any CPU
		Release|Any CPU = Release|Any CPU
	EndGlobalSection
	GlobalSection(ProjectConfigurationPlatforms) = postSolution
		{76A33491-9BCC-4952-A651-DC316A7BE42D}.Debug|Any CPU.ActiveCfg = Debug|Any CPU
		{76A33491-9BCC-4952-A651-DC316A7BE42D}.Debug|Any CPU.Build.0 = Debug|Any CPU
		{76A33491-9BCC-4952-A651-DC316A7BE42D}.Release|Any CPU.ActiveCfg = Release|Any CPU
		{76A33491-9BCC-4952-A651-DC316A7BE42D}.Release|Any CPU.Build.0 = Release|Any CPU
	EndGlobalSection
	GlobalSection(SolutionProperties) = preSolution
		HideSolutionNode = FALSE
	EndGlobalSection
	GlobalSection(ExtensibilityGlobals) = postSolution
		SolutionGuid = {4C6CC58E-5B1E-40E8-BF1D-13FF9A901B57}
	EndGlobalSection
EndGlobal
